
Microsoft Visual Studio Solution File, Format Version 12.00
# Visual Studio Version 17
VisualStudioVersion = 17.14.36603.0 d17.14
MinimumVisualStudioVersion = 10.0.40219.1
Project("{FAE04EC0-301F-11D3-BF4B-00C04F79EFBC}") = "LionPetManagement_ToanHH", "LionPetManagement_ToanHH\LionPetManagement_ToanHH.csproj", "{5911C3FA-3053-470C-A85C-E4D9B214AD2B}"
EndProject
Project("{FAE04EC0-301F-11D3-BF4B-00C04F79EFBC}") = "LionPetManagement_ToanHH_Repository", "LionPetManagement_ToanHH_Repository\LionPetManagement_ToanHH_Repository.csproj", "{45A48A42-F256-4B41-AB6D-E2FF9B6D52E5}"
EndProject
Project("{FAE04EC0-301F-11D3-BF4B-00C04F79EFBC}") = "LionPetManagement_ToanHH_Service", "LionPetManagement_ToanHH_Service\LionPetManagement_ToanHH_Service.csproj", "{C0352110-2301-42A5-9A5A-47FAD6CBBF39}"
EndProject
Global
	GlobalSection(SolutionConfigurationPlatforms) = preSolution
		Debug|Any CPU = Debug|Any CPU
		Release|Any CPU = Release|Any CPU
	EndGlobalSection
	GlobalSection(ProjectConfigurationPlatforms) = postSolution
		{5911C3FA-3053-470C-A85C-E4D9B214AD2B}.Debug|Any CPU.ActiveCfg = Debug|Any CPU
		{5911C3FA-3053-470C-A85C-E4D9B214AD2B}.Debug|Any CPU.Build.0 = Debug|Any CPU
		{5911C3FA-3053-470C-A85C-E4D9B214AD2B}.Release|Any CPU.ActiveCfg = Release|Any CPU
		{5911C3FA-3053-470C-A85C-E4D9B214AD2B}.Release|Any CPU.Build.0 = Release|Any CPU
		{45A48A42-F256-4B41-AB6D-E2FF9B6D52E5}.Debug|Any CPU.ActiveCfg = Debug|Any CPU
		{45A48A42-F256-4B41-AB6D-E2FF9B6D52E5}.Debug|Any CPU.Build.0 = Debug|Any CPU
		{45A48A42-F256-4B41-AB6D-E2FF9B6D52E5}.Release|Any CPU.ActiveCfg = Release|Any CPU
		{45A48A42-F256-4B41-AB6D-E2FF9B6D52E5}.Release|Any CPU.Build.0 = Release|Any CPU
		{C0352110-2301-42A5-9A5A-47FAD6CBBF39}.Debug|Any CPU.ActiveCfg = Debug|Any CPU
		{C0352110-2301-42A5-9A5A-47FAD6CBBF39}.Debug|Any CPU.Build.0 = Debug|Any CPU
		{C0352110-2301-42A5-9A5A-47FAD6CBBF39}.Release|Any CPU.ActiveCfg = Release|Any CPU
		{C0352110-2301-42A5-9A5A-47FAD6CBBF39}.Release|Any CPU.Build.0 = Release|Any CPU
	EndGlobalSection
	GlobalSection(SolutionProperties) = preSolution
		HideSolutionNode = FALSE
	EndGlobalSection
	GlobalSection(ExtensibilityGlobals) = postSolution
		SolutionGuid = {565C7765-714D-4911-91D3-0B8449B61522}
	EndGlobalSection
EndGlobal
